packages:
  firebase_analytics:
    dependency: "direct main"
    source: hosted
    version: "10.8.0"
  google_mobile_ads:
    dependency: "direct main"
    source: hosted
    version: "5.1.0"
  sentry_flutter:
    dependency: "direct main"
    source: hosted
    version: "8.2.0"
  http:
    dependency: "direct main"
    source: hosted
    version: "1.2.0"
  collection:
    dependency: transitive
    source: hosted
    version: "1.18.0"
sdks:
  dart: ">=3.4.0 <4.0.0"
